{
  "pins" : [
    {
      "identity" : "materialdesigntextfield",
      "kind" : "remoteSourceControl",
      "location" : "https://github.com/Ivan-Kalita/MaterialDesignTextField",
      "state" : {
        "branch" : "main",
        "revision" : "3300675f8ad2c67c4896a15958531a549ee2580e"
      }
    }
  ],
  "version" : 2
}
